
Microsoft Visual Studio Solution File, Format Version 12.00
# Visual Studio Version 17
VisualStudioVersion = 17.0.31919.166
MinimumVisualStudioVersion = 10.0.40219.1
Project("{9A19103F-16F7-4668-BE54-9A1E7A4F7556}") = "TheGame.Api", "thegame.api\TheGame.Api.csproj", "{9A0C19E4-0C54-4911-8FA6-E367CCEDF8D5}"
EndProject
Project("{9A19103F-16F7-4668-BE54-9A1E7A4F7556}") = "TheGame.Domain", "thegame.domain\TheGame.Domain.csproj", "{579CF5A2-EBCC-48DE-A76A-B19DAE12B2C4}"
EndProject
Project("{9A19103F-16F7-4668-BE54-9A1E7A4F7556}") = "TheGame.Tests", "TheGame.Tests\TheGame.Tests.csproj", "{3D0816D7-50D9-4A6B-8DFC-BFE66B083178}"
EndProject
Project("{2150E333-8FDC-42A3-9474-1A3956D46DE8}") = "Solution Items", "Solution Items", "{DAA97881-905A-4002-AF6C-A6B9B4C6E5F5}"
	ProjectSection(SolutionItems) = preProject
		..\.gitignore = ..\.gitignore
		README.md = README.md
	EndProjectSection
EndProject
Project("{E53339B2-1760-4266-BCC7-CA923CBCF16C}") = "docker-compose", "docker-compose.dcproj", "{000525DA-C4D5-4AD5-8716-7E5901315F2A}"
EndProject
Global
	GlobalSection(SolutionConfigurationPlatforms) = preSolution
		Debug|Any CPU = Debug|Any CPU
		Debug|x64 = Debug|x64
		Debug|x86 = Debug|x86
		Release|Any CPU = Release|Any CPU
		Release|x64 = Release|x64
		Release|x86 = Release|x86
	EndGlobalSection
	GlobalSection(ProjectConfigurationPlatforms) = postSolution
		{9A0C19E4-0C54-4911-8FA6-E367CCEDF8D5}.Debug|Any CPU.ActiveCfg = Debug|Any CPU
		{9A0C19E4-0C54-4911-8FA6-E367CCEDF8D5}.Debug|Any CPU.Build.0 = Debug|Any CPU
		{9A0C19E4-0C54-4911-8FA6-E367CCEDF8D5}.Debug|x64.ActiveCfg = Debug|Any CPU
		{9A0C19E4-0C54-4911-8FA6-E367CCEDF8D5}.Debug|x64.Build.0 = Debug|Any CPU
		{9A0C19E4-0C54-4911-8FA6-E367CCEDF8D5}.Debug|x86.ActiveCfg = Debug|Any CPU
		{9A0C19E4-0C54-4911-8FA6-E367CCEDF8D5}.Debug|x86.Build.0 = Debug|Any CPU
		{9A0C19E4-0C54-4911-8FA6-E367CCEDF8D5}.Release|Any CPU.ActiveCfg = Release|Any CPU
		{9A0C19E4-0C54-4911-8FA6-E367CCEDF8D5}.Release|Any CPU.Build.0 = Release|Any CPU
		{9A0C19E4-0C54-4911-8FA6-E367CCEDF8D5}.Release|x64.ActiveCfg = Release|Any CPU
		{9A0C19E4-0C54-4911-8FA6-E367CCEDF8D5}.Release|x64.Build.0 = Release|Any CPU
		{9A0C19E4-0C54-4911-8FA6-E367CCEDF8D5}.Release|x86.ActiveCfg = Release|Any CPU
		{9A0C19E4-0C54-4911-8FA6-E367CCEDF8D5}.Release|x86.Build.0 = Release|Any CPU
		{579CF5A2-EBCC-48DE-A76A-B19DAE12B2C4}.Debug|Any CPU.ActiveCfg = Debug|Any CPU
		{579CF5A2-EBCC-48DE-A76A-B19DAE12B2C4}.Debug|Any CPU.Build.0 = Debug|Any CPU
		{579CF5A2-EBCC-48DE-A76A-B19DAE12B2C4}.Debug|x64.ActiveCfg = Debug|Any CPU
		{579CF5A2-EBCC-48DE-A76A-B19DAE12B2C4}.Debug|x64.Build.0 = Debug|Any CPU
		{579CF5A2-EBCC-48DE-A76A-B19DAE12B2C4}.Debug|x86.ActiveCfg = Debug|Any CPU
		{579CF5A2-EBCC-48DE-A76A-B19DAE12B2C4}.Debug|x86.Build.0 = Debug|Any CPU
		{579CF5A2-EBCC-48DE-A76A-B19DAE12B2C4}.Release|Any CPU.ActiveCfg = Release|Any CPU
		{579CF5A2-EBCC-48DE-A76A-B19DAE12B2C4}.Release|Any CPU.Build.0 = Release|Any CPU
		{579CF5A2-EBCC-48DE-A76A-B19DAE12B2C4}.Release|x64.ActiveCfg = Release|Any CPU
		{579CF5A2-EBCC-48DE-A76A-B19DAE12B2C4}.Release|x64.Build.0 = Release|Any CPU
		{579CF5A2-EBCC-48DE-A76A-B19DAE12B2C4}.Release|x86.ActiveCfg = Release|Any CPU
		{579CF5A2-EBCC-48DE-A76A-B19DAE12B2C4}.Release|x86.Build.0 = Release|Any CPU
		{3D0816D7-50D9-4A6B-8DFC-BFE66B083178}.Debug|Any CPU.ActiveCfg = Debug|Any CPU
		{3D0816D7-50D9-4A6B-8DFC-BFE66B083178}.Debug|Any CPU.Build.0 = Debug|Any CPU
		{3D0816D7-50D9-4A6B-8DFC-BFE66B083178}.Debug|x64.ActiveCfg = Debug|Any CPU
		{3D0816D7-50D9-4A6B-8DFC-BFE66B083178}.Debug|x64.Build.0 = Debug|Any CPU
		{3D0816D7-50D9-4A6B-8DFC-BFE66B083178}.Debug|x86.ActiveCfg = Debug|Any CPU
		{3D0816D7-50D9-4A6B-8DFC-BFE66B083178}.Debug|x86.Build.0 = Debug|Any CPU
		{3D0816D7-50D9-4A6B-8DFC-BFE66B083178}.Release|Any CPU.ActiveCfg = Release|Any CPU
		{3D0816D7-50D9-4A6B-8DFC-BFE66B083178}.Release|Any CPU.Build.0 = Release|Any CPU
		{3D0816D7-50D9-4A6B-8DFC-BFE66B083178}.Release|x64.ActiveCfg = Release|Any CPU
		{3D0816D7-50D9-4A6B-8DFC-BFE66B083178}.Release|x64.Build.0 = Release|Any CPU
		{3D0816D7-50D9-4A6B-8DFC-BFE66B083178}.Release|x86.ActiveCfg = Release|Any CPU
		{3D0816D7-50D9-4A6B-8DFC-BFE66B083178}.Release|x86.Build.0 = Release|Any CPU
		{000525DA-C4D5-4AD5-8716-7E5901315F2A}.Debug|Any CPU.ActiveCfg = Debug|Any CPU
		{000525DA-C4D5-4AD5-8716-7E5901315F2A}.Debug|Any CPU.Build.0 = Debug|Any CPU
		{000525DA-C4D5-4AD5-8716-7E5901315F2A}.Debug|x64.ActiveCfg = Debug|Any CPU
		{000525DA-C4D5-4AD5-8716-7E5901315F2A}.Debug|x64.Build.0 = Debug|Any CPU
		{000525DA-C4D5-4AD5-8716-7E5901315F2A}.Debug|x86.ActiveCfg = Debug|Any CPU
		{000525DA-C4D5-4AD5-8716-7E5901315F2A}.Debug|x86.Build.0 = Debug|Any CPU
		{000525DA-C4D5-4AD5-8716-7E5901315F2A}.Release|Any CPU.ActiveCfg = Release|Any CPU
		{000525DA-C4D5-4AD5-8716-7E5901315F2A}.Release|Any CPU.Build.0 = Release|Any CPU
		{000525DA-C4D5-4AD5-8716-7E5901315F2A}.Release|x64.ActiveCfg = Release|Any CPU
		{000525DA-C4D5-4AD5-8716-7E5901315F2A}.Release|x64.Build.0 = Release|Any CPU
		{000525DA-C4D5-4AD5-8716-7E5901315F2A}.Release|x86.ActiveCfg = Release|Any CPU
		{000525DA-C4D5-4AD5-8716-7E5901315F2A}.Release|x86.Build.0 = Release|Any CPU
	EndGlobalSection
	GlobalSection(SolutionProperties) = preSolution
		HideSolutionNode = FALSE
	EndGlobalSection
	GlobalSection(ExtensibilityGlobals) = postSolution
		SolutionGuid = {9F5897A5-3048-441E-8EA1-32BCBD2C55EB}
	EndGlobalSection
EndGlobal
