
Microsoft Visual Studio Solution File, Format Version 12.00
# Visual Studio Version 17
VisualStudioVersion = 17.0.31919.166
MinimumVisualStudioVersion = 10.0.40219.1
Project("{9A19103F-16F7-4668-BE54-9A1E7A4F7556}") = "TheGame.Api", "TheGame.Api\TheGame.Api.csproj", "{9A0C19E4-0C54-4911-8FA6-E367CCEDF8D5}"
EndProject
Project("{9A19103F-16F7-4668-BE54-9A1E7A4F7556}") = "TheGame.Domain", "TheGame.Domain\TheGame.Domain.csproj", "{579CF5A2-EBCC-48DE-A76A-B19DAE12B2C4}"
EndProject
Project("{9A19103F-16F7-4668-BE54-9A1E7A4F7556}") = "TheGame.Tests", "TheGame.Tests\TheGame.Tests.csproj", "{3D0816D7-50D9-4A6B-8DFC-BFE66B083178}"
EndProject
Project("{2150E333-8FDC-42A3-9474-1A3956D46DE8}") = "Solution Items", "Solution Items", "{DAA97881-905A-4002-AF6C-A6B9B4C6E5F5}"
	ProjectSection(SolutionItems) = preProject
		..\.gitignore = ..\.gitignore
		..\README.md = ..\README.md
	EndProjectSection
EndProject
Project("{2150E333-8FDC-42A3-9474-1A3956D46DE8}") = "github_workflows", "github_workflows", "{9ABB7122-D9AE-4CEF-B622-8ECC7FFB05FF}"
	ProjectSection(SolutionItems) = preProject
		..\.github\workflows\azure-static-web-apps-ashy-smoke-0bf195f1e.yml = ..\.github\workflows\azure-static-web-apps-ashy-smoke-0bf195f1e.yml
		..\.github\workflows\build.yml = ..\.github\workflows\build.yml
		..\.github\workflows\deploy.yml = ..\.github\workflows\deploy.yml
	EndProjectSection
EndProject
Project("{9A19103F-16F7-4668-BE54-9A1E7A4F7556}") = "TheGame.Infra", "TheGame.Infra\TheGame.Infra.csproj", "{3FB889E6-E2D1-4EAF-A0EC-684A7F31CF41}"
EndProject
Project("{9A19103F-16F7-4668-BE54-9A1E7A4F7556}") = "TheGame.DbMigrator", "TheGame.DbMigrator\TheGame.DbMigrator.csproj", "{0FAC149D-941C-468D-8977-8C24210F2255}"
EndProject
Project("{FAE04EC0-301F-11D3-BF4B-00C04F79EFBC}") = "TheGame.AppHost", "TheGame.AppHost\TheGame.AppHost.csproj", "{FA0BAA99-6602-490E-8769-81B33EFD571D}"
EndProject
Project("{FAE04EC0-301F-11D3-BF4B-00C04F79EFBC}") = "TheGame.ServiceDefaults", "TheGame.ServiceDefaults\TheGame.ServiceDefaults.csproj", "{E6B34D71-58F4-5710-4CFB-42521EFC973F}"
EndProject
Project("{FAE04EC0-301F-11D3-BF4B-00C04F79EFBC}") = "TheGame.PlateTrainer", "TheGame.PlateTrainer\TheGame.PlateTrainer.csproj", "{F7681F13-B646-F389-748D-67F0408C05F2}"
EndProject
Project("{2150E333-8FDC-42A3-9474-1A3956D46DE8}") = "ai", "ai", "{02EA681E-C7D8-13C7-8484-4AC65E1B71E8}"
	ProjectSection(SolutionItems) = preProject
		..\ai\training_data\plate_descriptions.json = ..\ai\training_data\plate_descriptions.json
		..\ai\trainer.py = ..\ai\trainer.py
	EndProjectSection
EndProject
Global
	GlobalSection(SolutionConfigurationPlatforms) = preSolution
		Debug|Any CPU = Debug|Any CPU
		Debug|x64 = Debug|x64
		Debug|x86 = Debug|x86
		Release|Any CPU = Release|Any CPU
		Release|x64 = Release|x64
		Release|x86 = Release|x86
	EndGlobalSection
	GlobalSection(ProjectConfigurationPlatforms) = postSolution
		{9A0C19E4-0C54-4911-8FA6-E367CCEDF8D5}.Debug|Any CPU.ActiveCfg = Debug|Any CPU
		{9A0C19E4-0C54-4911-8FA6-E367CCEDF8D5}.Debug|Any CPU.Build.0 = Debug|Any CPU
		{9A0C19E4-0C54-4911-8FA6-E367CCEDF8D5}.Debug|x64.ActiveCfg = Debug|Any CPU
		{9A0C19E4-0C54-4911-8FA6-E367CCEDF8D5}.Debug|x64.Build.0 = Debug|Any CPU
		{9A0C19E4-0C54-4911-8FA6-E367CCEDF8D5}.Debug|x86.ActiveCfg = Debug|Any CPU
		{9A0C19E4-0C54-4911-8FA6-E367CCEDF8D5}.Debug|x86.Build.0 = Debug|Any CPU
		{9A0C19E4-0C54-4911-8FA6-E367CCEDF8D5}.Release|Any CPU.ActiveCfg = Release|Any CPU
		{9A0C19E4-0C54-4911-8FA6-E367CCEDF8D5}.Release|Any CPU.Build.0 = Release|Any CPU
		{9A0C19E4-0C54-4911-8FA6-E367CCEDF8D5}.Release|x64.ActiveCfg = Release|Any CPU
		{9A0C19E4-0C54-4911-8FA6-E367CCEDF8D5}.Release|x64.Build.0 = Release|Any CPU
		{9A0C19E4-0C54-4911-8FA6-E367CCEDF8D5}.Release|x86.ActiveCfg = Release|Any CPU
		{9A0C19E4-0C54-4911-8FA6-E367CCEDF8D5}.Release|x86.Build.0 = Release|Any CPU
		{579CF5A2-EBCC-48DE-A76A-B19DAE12B2C4}.Debug|Any CPU.ActiveCfg = Debug|Any CPU
		{579CF5A2-EBCC-48DE-A76A-B19DAE12B2C4}.Debug|Any CPU.Build.0 = Debug|Any CPU
		{579CF5A2-EBCC-48DE-A76A-B19DAE12B2C4}.Debug|x64.ActiveCfg = Debug|Any CPU
		{579CF5A2-EBCC-48DE-A76A-B19DAE12B2C4}.Debug|x64.Build.0 = Debug|Any CPU
		{579CF5A2-EBCC-48DE-A76A-B19DAE12B2C4}.Debug|x86.ActiveCfg = Debug|Any CPU
		{579CF5A2-EBCC-48DE-A76A-B19DAE12B2C4}.Debug|x86.Build.0 = Debug|Any CPU
		{579CF5A2-EBCC-48DE-A76A-B19DAE12B2C4}.Release|Any CPU.ActiveCfg = Release|Any CPU
		{579CF5A2-EBCC-48DE-A76A-B19DAE12B2C4}.Release|Any CPU.Build.0 = Release|Any CPU
		{579CF5A2-EBCC-48DE-A76A-B19DAE12B2C4}.Release|x64.ActiveCfg = Release|Any CPU
		{579CF5A2-EBCC-48DE-A76A-B19DAE12B2C4}.Release|x64.Build.0 = Release|Any CPU
		{579CF5A2-EBCC-48DE-A76A-B19DAE12B2C4}.Release|x86.ActiveCfg = Release|Any CPU
		{579CF5A2-EBCC-48DE-A76A-B19DAE12B2C4}.Release|x86.Build.0 = Release|Any CPU
		{3D0816D7-50D9-4A6B-8DFC-BFE66B083178}.Debug|Any CPU.ActiveCfg = Debug|Any CPU
		{3D0816D7-50D9-4A6B-8DFC-BFE66B083178}.Debug|Any CPU.Build.0 = Debug|Any CPU
		{3D0816D7-50D9-4A6B-8DFC-BFE66B083178}.Debug|x64.ActiveCfg = Debug|Any CPU
		{3D0816D7-50D9-4A6B-8DFC-BFE66B083178}.Debug|x64.Build.0 = Debug|Any CPU
		{3D0816D7-50D9-4A6B-8DFC-BFE66B083178}.Debug|x86.ActiveCfg = Debug|Any CPU
		{3D0816D7-50D9-4A6B-8DFC-BFE66B083178}.Debug|x86.Build.0 = Debug|Any CPU
		{3D0816D7-50D9-4A6B-8DFC-BFE66B083178}.Release|Any CPU.ActiveCfg = Release|Any CPU
		{3D0816D7-50D9-4A6B-8DFC-BFE66B083178}.Release|Any CPU.Build.0 = Release|Any CPU
		{3D0816D7-50D9-4A6B-8DFC-BFE66B083178}.Release|x64.ActiveCfg = Release|Any CPU
		{3D0816D7-50D9-4A6B-8DFC-BFE66B083178}.Release|x64.Build.0 = Release|Any CPU
		{3D0816D7-50D9-4A6B-8DFC-BFE66B083178}.Release|x86.ActiveCfg = Release|Any CPU
		{3D0816D7-50D9-4A6B-8DFC-BFE66B083178}.Release|x86.Build.0 = Release|Any CPU
		{3FB889E6-E2D1-4EAF-A0EC-684A7F31CF41}.Debug|Any CPU.ActiveCfg = Debug|Any CPU
		{3FB889E6-E2D1-4EAF-A0EC-684A7F31CF41}.Debug|Any CPU.Build.0 = Debug|Any CPU
		{3FB889E6-E2D1-4EAF-A0EC-684A7F31CF41}.Debug|x64.ActiveCfg = Debug|Any CPU
		{3FB889E6-E2D1-4EAF-A0EC-684A7F31CF41}.Debug|x64.Build.0 = Debug|Any CPU
		{3FB889E6-E2D1-4EAF-A0EC-684A7F31CF41}.Debug|x86.ActiveCfg = Debug|Any CPU
		{3FB889E6-E2D1-4EAF-A0EC-684A7F31CF41}.Debug|x86.Build.0 = Debug|Any CPU
		{3FB889E6-E2D1-4EAF-A0EC-684A7F31CF41}.Release|Any CPU.ActiveCfg = Release|Any CPU
		{3FB889E6-E2D1-4EAF-A0EC-684A7F31CF41}.Release|Any CPU.Build.0 = Release|Any CPU
		{3FB889E6-E2D1-4EAF-A0EC-684A7F31CF41}.Release|x64.ActiveCfg = Release|Any CPU
		{3FB889E6-E2D1-4EAF-A0EC-684A7F31CF41}.Release|x64.Build.0 = Release|Any CPU
		{3FB889E6-E2D1-4EAF-A0EC-684A7F31CF41}.Release|x86.ActiveCfg = Release|Any CPU
		{3FB889E6-E2D1-4EAF-A0EC-684A7F31CF41}.Release|x86.Build.0 = Release|Any CPU
		{0FAC149D-941C-468D-8977-8C24210F2255}.Debug|Any CPU.ActiveCfg = Debug|Any CPU
		{0FAC149D-941C-468D-8977-8C24210F2255}.Debug|Any CPU.Build.0 = Debug|Any CPU
		{0FAC149D-941C-468D-8977-8C24210F2255}.Debug|x64.ActiveCfg = Debug|Any CPU
		{0FAC149D-941C-468D-8977-8C24210F2255}.Debug|x64.Build.0 = Debug|Any CPU
		{0FAC149D-941C-468D-8977-8C24210F2255}.Debug|x86.ActiveCfg = Debug|Any CPU
		{0FAC149D-941C-468D-8977-8C24210F2255}.Debug|x86.Build.0 = Debug|Any CPU
		{0FAC149D-941C-468D-8977-8C24210F2255}.Release|Any CPU.ActiveCfg = Release|Any CPU
		{0FAC149D-941C-468D-8977-8C24210F2255}.Release|Any CPU.Build.0 = Release|Any CPU
		{0FAC149D-941C-468D-8977-8C24210F2255}.Release|x64.ActiveCfg = Release|Any CPU
		{0FAC149D-941C-468D-8977-8C24210F2255}.Release|x64.Build.0 = Release|Any CPU
		{0FAC149D-941C-468D-8977-8C24210F2255}.Release|x86.ActiveCfg = Release|Any CPU
		{0FAC149D-941C-468D-8977-8C24210F2255}.Release|x86.Build.0 = Release|Any CPU
		{FA0BAA99-6602-490E-8769-81B33EFD571D}.Debug|Any CPU.ActiveCfg = Debug|Any CPU
		{FA0BAA99-6602-490E-8769-81B33EFD571D}.Debug|Any CPU.Build.0 = Debug|Any CPU
		{FA0BAA99-6602-490E-8769-81B33EFD571D}.Debug|x64.ActiveCfg = Debug|Any CPU
		{FA0BAA99-6602-490E-8769-81B33EFD571D}.Debug|x64.Build.0 = Debug|Any CPU
		{FA0BAA99-6602-490E-8769-81B33EFD571D}.Debug|x86.ActiveCfg = Debug|Any CPU
		{FA0BAA99-6602-490E-8769-81B33EFD571D}.Debug|x86.Build.0 = Debug|Any CPU
		{FA0BAA99-6602-490E-8769-81B33EFD571D}.Release|Any CPU.ActiveCfg = Release|Any CPU
		{FA0BAA99-6602-490E-8769-81B33EFD571D}.Release|Any CPU.Build.0 = Release|Any CPU
		{FA0BAA99-6602-490E-8769-81B33EFD571D}.Release|x64.ActiveCfg = Release|Any CPU
		{FA0BAA99-6602-490E-8769-81B33EFD571D}.Release|x64.Build.0 = Release|Any CPU
		{FA0BAA99-6602-490E-8769-81B33EFD571D}.Release|x86.ActiveCfg = Release|Any CPU
		{FA0BAA99-6602-490E-8769-81B33EFD571D}.Release|x86.Build.0 = Release|Any CPU
		{E6B34D71-58F4-5710-4CFB-42521EFC973F}.Debug|Any CPU.ActiveCfg = Debug|Any CPU
		{E6B34D71-58F4-5710-4CFB-42521EFC973F}.Debug|Any CPU.Build.0 = Debug|Any CPU
		{E6B34D71-58F4-5710-4CFB-42521EFC973F}.Debug|x64.ActiveCfg = Debug|Any CPU
		{E6B34D71-58F4-5710-4CFB-42521EFC973F}.Debug|x64.Build.0 = Debug|Any CPU
		{E6B34D71-58F4-5710-4CFB-42521EFC973F}.Debug|x86.ActiveCfg = Debug|Any CPU
		{E6B34D71-58F4-5710-4CFB-42521EFC973F}.Debug|x86.Build.0 = Debug|Any CPU
		{E6B34D71-58F4-5710-4CFB-42521EFC973F}.Release|Any CPU.ActiveCfg = Release|Any CPU
		{E6B34D71-58F4-5710-4CFB-42521EFC973F}.Release|Any CPU.Build.0 = Release|Any CPU
		{E6B34D71-58F4-5710-4CFB-42521EFC973F}.Release|x64.ActiveCfg = Release|Any CPU
		{E6B34D71-58F4-5710-4CFB-42521EFC973F}.Release|x64.Build.0 = Release|Any CPU
		{E6B34D71-58F4-5710-4CFB-42521EFC973F}.Release|x86.ActiveCfg = Release|Any CPU
		{E6B34D71-58F4-5710-4CFB-42521EFC973F}.Release|x86.Build.0 = Release|Any CPU
		{F7681F13-B646-F389-748D-67F0408C05F2}.Debug|Any CPU.ActiveCfg = Debug|Any CPU
		{F7681F13-B646-F389-748D-67F0408C05F2}.Debug|Any CPU.Build.0 = Debug|Any CPU
		{F7681F13-B646-F389-748D-67F0408C05F2}.Debug|x64.ActiveCfg = Debug|Any CPU
		{F7681F13-B646-F389-748D-67F0408C05F2}.Debug|x64.Build.0 = Debug|Any CPU
		{F7681F13-B646-F389-748D-67F0408C05F2}.Debug|x86.ActiveCfg = Debug|Any CPU
		{F7681F13-B646-F389-748D-67F0408C05F2}.Debug|x86.Build.0 = Debug|Any CPU
		{F7681F13-B646-F389-748D-67F0408C05F2}.Release|Any CPU.ActiveCfg = Release|Any CPU
		{F7681F13-B646-F389-748D-67F0408C05F2}.Release|Any CPU.Build.0 = Release|Any CPU
		{F7681F13-B646-F389-748D-67F0408C05F2}.Release|x64.ActiveCfg = Release|Any CPU
		{F7681F13-B646-F389-748D-67F0408C05F2}.Release|x64.Build.0 = Release|Any CPU
		{F7681F13-B646-F389-748D-67F0408C05F2}.Release|x86.ActiveCfg = Release|Any CPU
		{F7681F13-B646-F389-748D-67F0408C05F2}.Release|x86.Build.0 = Release|Any CPU
	EndGlobalSection
	GlobalSection(SolutionProperties) = preSolution
		HideSolutionNode = FALSE
	EndGlobalSection
	GlobalSection(NestedProjects) = preSolution
		{9ABB7122-D9AE-4CEF-B622-8ECC7FFB05FF} = {DAA97881-905A-4002-AF6C-A6B9B4C6E5F5}
		{02EA681E-C7D8-13C7-8484-4AC65E1B71E8} = {DAA97881-905A-4002-AF6C-A6B9B4C6E5F5}
	EndGlobalSection
	GlobalSection(ExtensibilityGlobals) = postSolution
		SolutionGuid = {9F5897A5-3048-441E-8EA1-32BCBD2C55EB}
	EndGlobalSection
EndGlobal
